
Microsoft Visual Studio Solution File, Format Version 12.00
# Visual Studio Version 16
VisualStudioVersion = 16.0.30611.23
MinimumVisualStudioVersion = 10.0.40219.1
Project("{FAE04EC0-301F-11D3-BF4B-00C04F79EFBC}") = "Calculadora", "Calculadora\Calculadora.csproj", "{75D84817-E93B-4674-AD42-2B81DDA61419}"
EndProject
Global
	GlobalSection(SolutionConfigurationPlatforms) = preSolution
		Debug|Any CPU = Debug|Any CPU
		Release|Any CPU = Release|Any CPU
	EndGlobalSection
	GlobalSection(ProjectConfigurationPlatforms) = postSolution
		{75D84817-E93B-4674-AD42-2B81DDA61419}.Debug|Any CPU.ActiveCfg = Debug|Any CPU
		{75D84817-E93B-4674-AD42-2B81DDA61419}.Debug|Any CPU.Build.0 = Debug|Any CPU
		{75D84817-E93B-4674-AD42-2B81DDA61419}.Release|Any CPU.ActiveCfg = Release|Any CPU
		{75D84817-E93B-4674-AD42-2B81DDA61419}.Release|Any CPU.Build.0 = Release|Any CPU
	EndGlobalSection
	GlobalSection(SolutionProperties) = preSolution
		HideSolutionNode = FALSE
	EndGlobalSection
	GlobalSection(ExtensibilityGlobals) = postSolution
		SolutionGuid = {2A24831E-21D7-4C3A-A03D-81E3A2DC0BE4}
	EndGlobalSection
EndGlobal
